
Microsoft Visual Studio Solution File, Format Version 12.00
# Visual Studio Version 17
VisualStudioVersion = 17.10.35013.160
MinimumVisualStudioVersion = 10.0.40219.1
Project("{8BC9CEB8-8B4A-11D0-8D11-00A0C91BC942}") = "CProject0101", "Cproject0101\Cproject0101.vcxproj", "{A2AA6E00-94DA-4FA8-8E12-2BAA1516BCB3}"
EndProject
Project("{8BC9CEB8-8B4A-11D0-8D11-00A0C91BC942}") = "CProject0102", "CProject0102\CProject0102.vcxproj", "{DAB9288C-1D7D-47B9-BBA9-E682A654A4C4}"
EndProject
Project("{8BC9CEB8-8B4A-11D0-8D11-00A0C91BC942}") = "homework0502", "homework0502\homework0502.vcxproj", "{AE2C3875-A210-451A-8164-DAD49274A37F}"
EndProject
Project("{8BC9CEB8-8B4A-11D0-8D11-00A0C91BC942}") = "homework0401", "homework0401\homework0401.vcxproj", "{27C2ED73-B46B-415E-9856-C6DEACF445A0}"
EndProject
Project("{8BC9CEB8-8B4A-11D0-8D11-00A0C91BC942}") = "homework0402", "homework0402\homework0402.vcxproj", "{96588E9C-7C27-4C03-9724-9F20B8116332}"
EndProject
Project("{8BC9CEB8-8B4A-11D0-8D11-00A0C91BC942}") = "homework0403", "homework0403\homework0403.vcxproj", "{D0473FBF-A3CC-4810-9F39-FEBB43773086}"
EndProject
Project("{8BC9CEB8-8B4A-11D0-8D11-00A0C91BC942}") = "homework_end01", "homework_end01\homework_end01.vcxproj", "{3CB05225-ABA9-4D15-8B50-0A4D2975FF33}"
EndProject
Project("{8BC9CEB8-8B4A-11D0-8D11-00A0C91BC942}") = "homework_end02", "homework_end02\homework_end02.vcxproj", "{91368A79-96C9-41BA-9220-CD5B539AD576}"
EndProject
Project("{8BC9CEB8-8B4A-11D0-8D11-00A0C91BC942}") = "homework0301", "homework0301\homework0301.vcxproj", "{BC76A29D-F39E-4E20-B52A-674F7E77E625}"
EndProject
Project("{8BC9CEB8-8B4A-11D0-8D11-00A0C91BC942}") = "homework0302", "homework0302\homework0302.vcxproj", "{0E1A0E29-127D-4A26-BB7B-314B099628F9}"
EndProject
Project("{8BC9CEB8-8B4A-11D0-8D11-00A0C91BC942}") = "homework0303", "homework0303\homework0303.vcxproj", "{2156C5A9-C146-4D16-B091-AA49EA8DF334}"
EndProject
Project("{8BC9CEB8-8B4A-11D0-8D11-00A0C91BC942}") = "homework0501", "homework0501\homework0501.vcxproj", "{BAE68627-2072-4D19-8E0B-6B63BFD7E95F}"
EndProject
Global
	GlobalSection(SolutionConfigurationPlatforms) = preSolution
		Debug|x64 = Debug|x64
		Debug|x86 = Debug|x86
		Release|x64 = Release|x64
		Release|x86 = Release|x86
	EndGlobalSection
	GlobalSection(ProjectConfigurationPlatforms) = postSolution
		{A2AA6E00-94DA-4FA8-8E12-2BAA1516BCB3}.Debug|x64.ActiveCfg = Debug|x64
		{A2AA6E00-94DA-4FA8-8E12-2BAA1516BCB3}.Debug|x64.Build.0 = Debug|x64
		{A2AA6E00-94DA-4FA8-8E12-2BAA1516BCB3}.Debug|x86.ActiveCfg = Debug|Win32
		{A2AA6E00-94DA-4FA8-8E12-2BAA1516BCB3}.Debug|x86.Build.0 = Debug|Win32
		{A2AA6E00-94DA-4FA8-8E12-2BAA1516BCB3}.Release|x64.ActiveCfg = Release|x64
		{A2AA6E00-94DA-4FA8-8E12-2BAA1516BCB3}.Release|x64.Build.0 = Release|x64
		{A2AA6E00-94DA-4FA8-8E12-2BAA1516BCB3}.Release|x86.ActiveCfg = Release|Win32
		{A2AA6E00-94DA-4FA8-8E12-2BAA1516BCB3}.Release|x86.Build.0 = Release|Win32
		{DAB9288C-1D7D-47B9-BBA9-E682A654A4C4}.Debug|x64.ActiveCfg = Debug|x64
		{DAB9288C-1D7D-47B9-BBA9-E682A654A4C4}.Debug|x64.Build.0 = Debug|x64
		{DAB9288C-1D7D-47B9-BBA9-E682A654A4C4}.Debug|x86.ActiveCfg = Debug|Win32
		{DAB9288C-1D7D-47B9-BBA9-E682A654A4C4}.Debug|x86.Build.0 = Debug|Win32
		{DAB9288C-1D7D-47B9-BBA9-E682A654A4C4}.Release|x64.ActiveCfg = Release|x64
		{DAB9288C-1D7D-47B9-BBA9-E682A654A4C4}.Release|x64.Build.0 = Release|x64
		{DAB9288C-1D7D-47B9-BBA9-E682A654A4C4}.Release|x86.ActiveCfg = Release|Win32
		{DAB9288C-1D7D-47B9-BBA9-E682A654A4C4}.Release|x86.Build.0 = Release|Win32
		{AE2C3875-A210-451A-8164-DAD49274A37F}.Debug|x64.ActiveCfg = Debug|x64
		{AE2C3875-A210-451A-8164-DAD49274A37F}.Debug|x64.Build.0 = Debug|x64
		{AE2C3875-A210-451A-8164-DAD49274A37F}.Debug|x86.ActiveCfg = Debug|Win32
		{AE2C3875-A210-451A-8164-DAD49274A37F}.Debug|x86.Build.0 = Debug|Win32
		{AE2C3875-A210-451A-8164-DAD49274A37F}.Release|x64.ActiveCfg = Release|x64
		{AE2C3875-A210-451A-8164-DAD49274A37F}.Release|x64.Build.0 = Release|x64
		{AE2C3875-A210-451A-8164-DAD49274A37F}.Release|x86.ActiveCfg = Release|Win32
		{AE2C3875-A210-451A-8164-DAD49274A37F}.Release|x86.Build.0 = Release|Win32
		{27C2ED73-B46B-415E-9856-C6DEACF445A0}.Debug|x64.ActiveCfg = Debug|x64
		{27C2ED73-B46B-415E-9856-C6DEACF445A0}.Debug|x64.Build.0 = Debug|x64
		{27C2ED73-B46B-415E-9856-C6DEACF445A0}.Debug|x86.ActiveCfg = Debug|Win32
		{27C2ED73-B46B-415E-9856-C6DEACF445A0}.Debug|x86.Build.0 = Debug|Win32
		{27C2ED73-B46B-415E-9856-C6DEACF445A0}.Release|x64.ActiveCfg = Release|x64
		{27C2ED73-B46B-415E-9856-C6DEACF445A0}.Release|x64.Build.0 = Release|x64
		{27C2ED73-B46B-415E-9856-C6DEACF445A0}.Release|x86.ActiveCfg = Release|Win32
		{27C2ED73-B46B-415E-9856-C6DEACF445A0}.Release|x86.Build.0 = Release|Win32
		{96588E9C-7C27-4C03-9724-9F20B8116332}.Debug|x64.ActiveCfg = Debug|x64
		{96588E9C-7C27-4C03-9724-9F20B8116332}.Debug|x64.Build.0 = Debug|x64
		{96588E9C-7C27-4C03-9724-9F20B8116332}.Debug|x86.ActiveCfg = Debug|Win32
		{96588E9C-7C27-4C03-9724-9F20B8116332}.Debug|x86.Build.0 = Debug|Win32
		{96588E9C-7C27-4C03-9724-9F20B8116332}.Release|x64.ActiveCfg = Release|x64
		{96588E9C-7C27-4C03-9724-9F20B8116332}.Release|x64.Build.0 = Release|x64
		{96588E9C-7C27-4C03-9724-9F20B8116332}.Release|x86.ActiveCfg = Release|Win32
		{96588E9C-7C27-4C03-9724-9F20B8116332}.Release|x86.Build.0 = Release|Win32
		{D0473FBF-A3CC-4810-9F39-FEBB43773086}.Debug|x64.ActiveCfg = Debug|x64
		{D0473FBF-A3CC-4810-9F39-FEBB43773086}.Debug|x64.Build.0 = Debug|x64
		{D0473FBF-A3CC-4810-9F39-FEBB43773086}.Debug|x86.ActiveCfg = Debug|Win32
		{D0473FBF-A3CC-4810-9F39-FEBB43773086}.Debug|x86.Build.0 = Debug|Win32
		{D0473FBF-A3CC-4810-9F39-FEBB43773086}.Release|x64.ActiveCfg = Release|x64
		{D0473FBF-A3CC-4810-9F39-FEBB43773086}.Release|x64.Build.0 = Release|x64
		{D0473FBF-A3CC-4810-9F39-FEBB43773086}.Release|x86.ActiveCfg = Release|Win32
		{D0473FBF-A3CC-4810-9F39-FEBB43773086}.Release|x86.Build.0 = Release|Win32
		{3CB05225-ABA9-4D15-8B50-0A4D2975FF33}.Debug|x64.ActiveCfg = Debug|x64
		{3CB05225-ABA9-4D15-8B50-0A4D2975FF33}.Debug|x64.Build.0 = Debug|x64
		{3CB05225-ABA9-4D15-8B50-0A4D2975FF33}.Debug|x86.ActiveCfg = Debug|Win32
		{3CB05225-ABA9-4D15-8B50-0A4D2975FF33}.Debug|x86.Build.0 = Debug|Win32
		{3CB05225-ABA9-4D15-8B50-0A4D2975FF33}.Release|x64.ActiveCfg = Release|x64
		{3CB05225-ABA9-4D15-8B50-0A4D2975FF33}.Release|x64.Build.0 = Release|x64
		{3CB05225-ABA9-4D15-8B50-0A4D2975FF33}.Release|x86.ActiveCfg = Release|Win32
		{3CB05225-ABA9-4D15-8B50-0A4D2975FF33}.Release|x86.Build.0 = Release|Win32
		{91368A79-96C9-41BA-9220-CD5B539AD576}.Debug|x64.ActiveCfg = Debug|x64
		{91368A79-96C9-41BA-9220-CD5B539AD576}.Debug|x64.Build.0 = Debug|x64
		{91368A79-96C9-41BA-9220-CD5B539AD576}.Debug|x86.ActiveCfg = Debug|Win32
		{91368A79-96C9-41BA-9220-CD5B539AD576}.Debug|x86.Build.0 = Debug|Win32
		{91368A79-96C9-41BA-9220-CD5B539AD576}.Release|x64.ActiveCfg = Release|x64
		{91368A79-96C9-41BA-9220-CD5B539AD576}.Release|x64.Build.0 = Release|x64
		{91368A79-96C9-41BA-9220-CD5B539AD576}.Release|x86.ActiveCfg = Release|Win32
		{91368A79-96C9-41BA-9220-CD5B539AD576}.Release|x86.Build.0 = Release|Win32
		{BC76A29D-F39E-4E20-B52A-674F7E77E625}.Debug|x64.ActiveCfg = Debug|x64
		{BC76A29D-F39E-4E20-B52A-674F7E77E625}.Debug|x64.Build.0 = Debug|x64
		{BC76A29D-F39E-4E20-B52A-674F7E77E625}.Debug|x86.ActiveCfg = Debug|Win32
		{BC76A29D-F39E-4E20-B52A-674F7E77E625}.Debug|x86.Build.0 = Debug|Win32
		{BC76A29D-F39E-4E20-B52A-674F7E77E625}.Release|x64.ActiveCfg = Release|x64
		{BC76A29D-F39E-4E20-B52A-674F7E77E625}.Release|x64.Build.0 = Release|x64
		{BC76A29D-F39E-4E20-B52A-674F7E77E625}.Release|x86.ActiveCfg = Release|Win32
		{BC76A29D-F39E-4E20-B52A-674F7E77E625}.Release|x86.Build.0 = Release|Win32
		{0E1A0E29-127D-4A26-BB7B-314B099628F9}.Debug|x64.ActiveCfg = Debug|x64
		{0E1A0E29-127D-4A26-BB7B-314B099628F9}.Debug|x64.Build.0 = Debug|x64
		{0E1A0E29-127D-4A26-BB7B-314B099628F9}.Debug|x86.ActiveCfg = Debug|Win32
		{0E1A0E29-127D-4A26-BB7B-314B099628F9}.Debug|x86.Build.0 = Debug|Win32
		{0E1A0E29-127D-4A26-BB7B-314B099628F9}.Release|x64.ActiveCfg = Release|x64
		{0E1A0E29-127D-4A26-BB7B-314B099628F9}.Release|x64.Build.0 = Release|x64
		{0E1A0E29-127D-4A26-BB7B-314B099628F9}.Release|x86.ActiveCfg = Release|Win32
		{0E1A0E29-127D-4A26-BB7B-314B099628F9}.Release|x86.Build.0 = Release|Win32
		{2156C5A9-C146-4D16-B091-AA49EA8DF334}.Debug|x64.ActiveCfg = Debug|x64
		{2156C5A9-C146-4D16-B091-AA49EA8DF334}.Debug|x64.Build.0 = Debug|x64
		{2156C5A9-C146-4D16-B091-AA49EA8DF334}.Debug|x86.ActiveCfg = Debug|Win32
		{2156C5A9-C146-4D16-B091-AA49EA8DF334}.Debug|x86.Build.0 = Debug|Win32
		{2156C5A9-C146-4D16-B091-AA49EA8DF334}.Release|x64.ActiveCfg = Release|x64
		{2156C5A9-C146-4D16-B091-AA49EA8DF334}.Release|x64.Build.0 = Release|x64
		{2156C5A9-C146-4D16-B091-AA49EA8DF334}.Release|x86.ActiveCfg = Release|Win32
		{2156C5A9-C146-4D16-B091-AA49EA8DF334}.Release|x86.Build.0 = Release|Win32
		{BAE68627-2072-4D19-8E0B-6B63BFD7E95F}.Debug|x64.ActiveCfg = Debug|x64
		{BAE68627-2072-4D19-8E0B-6B63BFD7E95F}.Debug|x64.Build.0 = Debug|x64
		{BAE68627-2072-4D19-8E0B-6B63BFD7E95F}.Debug|x86.ActiveCfg = Debug|Win32
		{BAE68627-2072-4D19-8E0B-6B63BFD7E95F}.Debug|x86.Build.0 = Debug|Win32
		{BAE68627-2072-4D19-8E0B-6B63BFD7E95F}.Release|x64.ActiveCfg = Release|x64
		{BAE68627-2072-4D19-8E0B-6B63BFD7E95F}.Release|x64.Build.0 = Release|x64
		{BAE68627-2072-4D19-8E0B-6B63BFD7E95F}.Release|x86.ActiveCfg = Release|Win32
		{BAE68627-2072-4D19-8E0B-6B63BFD7E95F}.Release|x86.Build.0 = Release|Win32
	EndGlobalSection
	GlobalSection(SolutionProperties) = preSolution
		HideSolutionNode = FALSE
	EndGlobalSection
	GlobalSection(ExtensibilityGlobals) = postSolution
		SolutionGuid = {1AE85170-E911-4E2C-8915-462513CB571E}
	EndGlobalSection
EndGlobal
